// !$*UTF8*$!
{
	archiveVersion = 1;
	classes = {
	};
	objectVersion = 50;
	objects = {

/* Begin PBXBuildFile section */
		147C726B25FF081D001C2E85 /* AppDelegate.swift in Sources */ = {isa = PBXBuildFile; fileRef = 147C726A25FF081D001C2E85 /* AppDelegate.swift */; };
		147C726D25FF081D001C2E85 /* SceneDelegate.swift in Sources */ = {isa = PBXBuildFile; fileRef = 147C726C25FF081D001C2E85 /* SceneDelegate.swift */; };
		147C726F25FF081D001C2E85 /* ViewController.swift in Sources */ = {isa = PBXBuildFile; fileRef = 147C726E25FF081D001C2E85 /* ViewController.swift */; };
		147C727225FF081D001C2E85 /* Main.storyboard in Resources */ = {isa = PBXBuildFile; fileRef = 147C727025FF081D001C2E85 /* Main.storyboard */; };
		147C727425FF0821001C2E85 /* Assets.xcassets in Resources */ = {isa = PBXBuildFile; fileRef = 147C727325FF0821001C2E85 /* Assets.xcassets */; };
		147C727725FF0821001C2E85 /* LaunchScreen.storyboard in Resources */ = {isa = PBXBuildFile; fileRef = 147C727525FF0821001C2E85 /* LaunchScreen.storyboard */; };
		147C72A425FF0EFA001C2E85 /* Constants.swift in Sources */ = {isa = PBXBuildFile; fileRef = 147C72A325FF0EFA001C2E85 /* Constants.swift */; };
		147C72A925FF114C001C2E85 /* Video.swift in Sources */ = {isa = PBXBuildFile; fileRef = 147C72A825FF114C001C2E85 /* Video.swift */; };
		147C72AE25FF1264001C2E85 /* Model.swift in Sources */ = {isa = PBXBuildFile; fileRef = 147C72AD25FF1264001C2E85 /* Model.swift */; };
		14A072A82602FF3300126F12 /* Response.swift in Sources */ = {isa = PBXBuildFile; fileRef = 14A072A72602FF3300126F12 /* Response.swift */; };
/* End PBXBuildFile section */

/* Begin PBXContainerItemProxy section */
		147C727E25FF0821001C2E85 /* PBXContainerItemProxy */ = {
			isa = PBXContainerItemProxy;
			containerPortal = 147C725F25FF081D001C2E85 /* Project object */;
			proxyType = 1;
			remoteGlobalIDString = 147C726625FF081D001C2E85;
			remoteInfo = YoutubeAPI;
		};
		147C728925FF0821001C2E85 /* PBXContainerItemProxy */ = {
			isa = PBXContainerItemProxy;
			containerPortal = 147C725F25FF081D001C2E85 /* Project object */;
			proxyType = 1;
			remoteGlobalIDString = 147C726625FF081D001C2E85;
			remoteInfo = YoutubeAPI;
		};
/* End PBXContainerItemProxy section */

/* Begin PBXFileReference section */
		147C726725FF081D001C2E85 /* YoutubeAPI.app */ = {isa = PBXFileReference; explicitFileType = wrapper.application; includeInIndex = 0; path = YoutubeAPI.app; sourceTree = BUILT_PRODUCTS_DIR; };
		147C726A25FF081D001C2E85 /* AppDelegate.swift */ = {isa = PBXFileReference; lastKnownFileType = sourcecode.swift; path = AppDelegate.swift; sourceTree = "<group>"; };
		147C726C25FF081D001C2E85 /* SceneDelegate.swift */ = {isa = PBXFileReference; lastKnownFileType = sourcecode.swift; path = SceneDelegate.swift; sourceTree = "<group>"; };
		147C726E25FF081D001C2E85 /* ViewController.swift */ = {isa = PBXFileReference; lastKnownFileType = sourcecode.swift; path = ViewController.swift; sourceTree = "<group>"; };
		147C727125FF081D001C2E85 /* Base */ = {isa = PBXFileReference; lastKnownFileType = file.storyboard; name = Base; path = Base.lproj/Main.storyboard; sourceTree = "<group>"; };
		147C727325FF0821001C2E85 /* Assets.xcassets */ = {isa = PBXFileReference; lastKnownFileType = folder.assetcatalog; path = Assets.xcassets; sourceTree = "<group>"; };
		147C727625FF0821001C2E85 /* Base */ = {isa = PBXFileReference; lastKnownFileType = file.storyboard; name = Base; path = Base.lproj/LaunchScreen.storyboard; sourceTree = "<group>"; };
		147C727825FF0821001C2E85 /* Info.plist */ = {isa = PBXFileReference; lastKnownFileType = text.plist.xml; path = Info.plist; sourceTree = "<group>"; };
		147C727D25FF0821001C2E85 /* YoutubeAPITests.xctest */ = {isa = PBXFileReference; explicitFileType = wrapper.cfbundle; includeInIndex = 0; path = YoutubeAPITests.xctest; sourceTree = BUILT_PRODUCTS_DIR; };
		147C728825FF0821001C2E85 /* YoutubeAPIUITests.xctest */ = {isa = PBXFileReference; explicitFileType = wrapper.cfbundle; includeInIndex = 0; path = YoutubeAPIUITests.xctest; sourceTree = BUILT_PRODUCTS_DIR; };
		147C72A325FF0EFA001C2E85 /* Constants.swift */ = {isa = PBXFileReference; lastKnownFileType = sourcecode.swift; path = Constants.swift; sourceTree = "<group>"; };
		147C72A825FF114C001C2E85 /* Video.swift */ = {isa = PBXFileReference; lastKnownFileType = sourcecode.swift; path = Video.swift; sourceTree = "<group>"; };
		147C72AD25FF1264001C2E85 /* Model.swift */ = {isa = PBXFileReference; lastKnownFileType = sourcecode.swift; path = Model.swift; sourceTree = "<group>"; };
		14A072A72602FF3300126F12 /* Response.swift */ = {isa = PBXFileReference; lastKnownFileType = sourcecode.swift; path = Response.swift; sourceTree = "<group>"; };
/* End PBXFileReference section */

/* Begin PBXFrameworksBuildPhase section */
		147C726425FF081D001C2E85 /* Frameworks */ = {
			isa = PBXFrameworksBuildPhase;
			buildActionMask = 2147483647;
			files = (
			);
			runOnlyForDeploymentPostprocessing = 0;
		};
		147C727A25FF0821001C2E85 /* Frameworks */ = {
			isa = PBXFrameworksBuildPhase;
			buildActionMask = 2147483647;
			files = (
			);
			runOnlyForDeploymentPostprocessing = 0;
		};
		147C728525FF0821001C2E85 /* Frameworks */ = {
			isa = PBXFrameworksBuildPhase;
			buildActionMask = 2147483647;
			files = (
			);
			runOnlyForDeploymentPostprocessing = 0;
		};
/* End PBXFrameworksBuildPhase section */

/* Begin PBXGroup section */
		147C725E25FF081D001C2E85 = {
			isa = PBXGroup;
			children = (
				147C726925FF081D001C2E85 /* YoutubeAPI */,
				147C726825FF081D001C2E85 /* Products */,
			);
			sourceTree = "<group>";
		};
		147C726825FF081D001C2E85 /* Products */ = {
			isa = PBXGroup;
			children = (
				147C726725FF081D001C2E85 /* YoutubeAPI.app */,
				147C727D25FF0821001C2E85 /* YoutubeAPITests.xctest */,
				147C728825FF0821001C2E85 /* YoutubeAPIUITests.xctest */,
			);
			name = Products;
			sourceTree = "<group>";
		};
		147C726925FF081D001C2E85 /* YoutubeAPI */ = {
			isa = PBXGroup;
			children = (
				147C726A25FF081D001C2E85 /* AppDelegate.swift */,
				147C726C25FF081D001C2E85 /* SceneDelegate.swift */,
				147C726E25FF081D001C2E85 /* ViewController.swift */,
				147C727025FF081D001C2E85 /* Main.storyboard */,
				147C727325FF0821001C2E85 /* Assets.xcassets */,
				147C727525FF0821001C2E85 /* LaunchScreen.storyboard */,
				147C727825FF0821001C2E85 /* Info.plist */,
				147C72A325FF0EFA001C2E85 /* Constants.swift */,
				147C72A825FF114C001C2E85 /* Video.swift */,
				147C72AD25FF1264001C2E85 /* Model.swift */,
				14A072A72602FF3300126F12 /* Response.swift */,
			);
			path = YoutubeAPI;
			sourceTree = "<group>";
		};
/* End PBXGroup section */

/* Begin PBXNativeTarget section */
		147C726625FF081D001C2E85 /* YoutubeAPI */ = {
			isa = PBXNativeTarget;
			buildConfigurationList = 147C729125FF0821001C2E85 /* Build configuration list for PBXNativeTarget "YoutubeAPI" */;
			buildPhases = (
				147C726325FF081D001C2E85 /* Sources */,
				147C726425FF081D001C2E85 /* Frameworks */,
				147C726525FF081D001C2E85 /* Resources */,
			);
			buildRules = (
			);
			dependencies = (
			);
			name = YoutubeAPI;
			productName = YoutubeAPI;
			productReference = 147C726725FF081D001C2E85 /* YoutubeAPI.app */;
			productType = "com.apple.product-type.application";
		};
		147C727C25FF0821001C2E85 /* YoutubeAPITests */ = {
			isa = PBXNativeTarget;
			buildConfigurationList = 147C729425FF0821001C2E85 /* Build configuration list for PBXNativeTarget "YoutubeAPITests" */;
			buildPhases = (
				147C727925FF0821001C2E85 /* Sources */,
				147C727A25FF0821001C2E85 /* Frameworks */,
				147C727B25FF0821001C2E85 /* Resources */,
			);
			buildRules = (
			);
			dependencies = (
				147C727F25FF0821001C2E85 /* PBXTargetDependency */,
			);
			name = YoutubeAPITests;
			productName = YoutubeAPITests;
			productReference = 147C727D25FF0821001C2E85 /* YoutubeAPITests.xctest */;
			productType = "com.apple.product-type.bundle.unit-test";
		};
		147C728725FF0821001C2E85 /* YoutubeAPIUITests */ = {
			isa = PBXNativeTarget;
			buildConfigurationList = 147C729725FF0821001C2E85 /* Build configuration list for PBXNativeTarget "YoutubeAPIUITests" */;
			buildPhases = (
				147C728425FF0821001C2E85 /* Sources */,
				147C728525FF0821001C2E85 /* Frameworks */,
				147C728625FF0821001C2E85 /* Resources */,
			);
			buildRules = (
			);
			dependencies = (
				147C728A25FF0821001C2E85 /* PBXTargetDependency */,
			);
			name = YoutubeAPIUITests;
			productName = YoutubeAPIUITests;
			productReference = 147C728825FF0821001C2E85 /* YoutubeAPIUITests.xctest */;
			productType = "com.apple.product-type.bundle.ui-testing";
		};
/* End PBXNativeTarget section */

/* Begin PBXProject section */
		147C725F25FF081D001C2E85 /* Project object */ = {
			isa = PBXProject;
			attributes = {
				LastSwiftUpdateCheck = 1240;
				LastUpgradeCheck = 1240;
				TargetAttributes = {
					147C726625FF081D001C2E85 = {
						CreatedOnToolsVersion = 12.4;
					};
					147C727C25FF0821001C2E85 = {
						CreatedOnToolsVersion = 12.4;
						TestTargetID = 147C726625FF081D001C2E85;
					};
					147C728725FF0821001C2E85 = {
						CreatedOnToolsVersion = 12.4;
						TestTargetID = 147C726625FF081D001C2E85;
					};
				};
			};
			buildConfigurationList = 147C726225FF081D001C2E85 /* Build configuration list for PBXProject "YoutubeAPI" */;
			compatibilityVersion = "Xcode 9.3";
			developmentRegion = en;
			hasScannedForEncodings = 0;
			knownRegions = (
				en,
				Base,
			);
			mainGroup = 147C725E25FF081D001C2E85;
			productRefGroup = 147C726825FF081D001C2E85 /* Products */;
			projectDirPath = "";
			projectRoot = "";
			targets = (
				147C726625FF081D001C2E85 /* YoutubeAPI */,
				147C727C25FF0821001C2E85 /* YoutubeAPITests */,
				147C728725FF0821001C2E85 /* YoutubeAPIUITests */,
			);
		};
/* End PBXProject section */

/* Begin PBXResourcesBuildPhase section */
		147C726525FF081D001C2E85 /* Resources */ = {
			isa = PBXResourcesBuildPhase;
			buildActionMask = 2147483647;
			files = (
				147C727725FF0821001C2E85 /* LaunchScreen.storyboard in Resources */,
				147C727425FF0821001C2E85 /* Assets.xcassets in Resources */,
				147C727225FF081D001C2E85 /* Main.storyboard in Resources */,
			);
			runOnlyForDeploymentPostprocessing = 0;
		};
		147C727B25FF0821001C2E85 /* Resources */ = {
			isa = PBXResourcesBuildPhase;
			buildActionMask = 2147483647;
			files = (
			);
			runOnlyForDeploymentPostprocessing = 0;
		};
		147C728625FF0821001C2E85 /* Resources */ = {
			isa = PBXResourcesBuildPhase;
			buildActionMask = 2147483647;
			files = (
			);
			runOnlyForDeploymentPostprocessing = 0;
		};
/* End PBXResourcesBuildPhase section */

/* Begin PBXSourcesBuildPhase section */
		147C726325FF081D001C2E85 /* Sources */ = {
			isa = PBXSourcesBuildPhase;
			buildActionMask = 2147483647;
			files = (
				147C726F25FF081D001C2E85 /* ViewController.swift in Sources */,
				147C726B25FF081D001C2E85 /* AppDelegate.swift in Sources */,
				147C726D25FF081D001C2E85 /* SceneDelegate.swift in Sources */,
				147C72AE25FF1264001C2E85 /* Model.swift in Sources */,
				147C72A425FF0EFA001C2E85 /* Constants.swift in Sources */,
				147C72A925FF114C001C2E85 /* Video.swift in Sources */,
				14A072A82602FF3300126F12 /* Response.swift in Sources */,
			);
			runOnlyForDeploymentPostprocessing = 0;
		};
		147C727925FF0821001C2E85 /* Sources */ = {
			isa = PBXSourcesBuildPhase;
			buildActionMask = 2147483647;
			files = (
			);
			runOnlyForDeploymentPostprocessing = 0;
		};
		147C728425FF0821001C2E85 /* Sources */ = {
			isa = PBXSourcesBuildPhase;
			buildActionMask = 2147483647;
			files = (
			);
			runOnlyForDeploymentPostprocessing = 0;
		};
/* End PBXSourcesBuildPhase section */

/* Begin PBXTargetDependency section */
		147C727F25FF0821001C2E85 /* PBXTargetDependency */ = {
			isa = PBXTargetDependency;
			target = 147C726625FF081D001C2E85 /* YoutubeAPI */;
			targetProxy = 147C727E25FF0821001C2E85 /* PBXContainerItemProxy */;
		};
		147C728A25FF0821001C2E85 /* PBXTargetDependency */ = {
			isa = PBXTargetDependency;
			target = 147C726625FF081D001C2E85 /* YoutubeAPI */;
			targetProxy = 147C728925FF0821001C2E85 /* PBXContainerItemProxy */;
		};
/* End PBXTargetDependency section */

/* Begin PBXVariantGroup section */
		147C727025FF081D001C2E85 /* Main.storyboard */ = {
			isa = PBXVariantGroup;
			children = (
				147C727125FF081D001C2E85 /* Base */,
			);
			name = Main.storyboard;
			sourceTree = "<group>";
		};
		147C727525FF0821001C2E85 /* LaunchScreen.storyboard */ = {
			isa = PBXVariantGroup;
			children = (
				147C727625FF0821001C2E85 /* Base */,
			);
			name = LaunchScreen.storyboard;
			sourceTree = "<group>";
		};
/* End PBXVariantGroup section */

/* Begin XCBuildConfiguration section */
		147C728F25FF0821001C2E85 /* Debug */ = {
			isa = XCBuildConfiguration;
			buildSettings = {
				ALWAYS_SEARCH_USER_PATHS = NO;
				CLANG_ANALYZER_NONNULL = YES;
				CLANG_ANALYZER_NUMBER_OBJECT_CONVERSION = YES_AGGRESSIVE;
				CLANG_CXX_LANGUAGE_STANDARD = "gnu++14";
				CLANG_CXX_LIBRARY = "libc++";
				CLANG_ENABLE_MODULES = YES;
				CLANG_ENABLE_OBJC_ARC = YES;
				CLANG_ENABLE_OBJC_WEAK = YES;
				CLANG_WARN_BLOCK_CAPTURE_AUTORELEASING = YES;
				CLANG_WARN_BOOL_CONVERSION = YES;
				CLANG_WARN_COMMA = YES;
				CLANG_WARN_CONSTANT_CONVERSION = YES;
				CLANG_WARN_DEPRECATED_OBJC_IMPLEMENTATIONS = YES;
				CLANG_WARN_DIRECT_OBJC_ISA_USAGE = YES_ERROR;
				CLANG_WARN_DOCUMENTATION_COMMENTS = YES;
				CLANG_WARN_EMPTY_BODY = YES;
				CLANG_WARN_ENUM_CONVERSION = YES;
				CLANG_WARN_INFINITE_RECURSION = YES;
				CLANG_WARN_INT_CONVERSION = YES;
				CLANG_WARN_NON_LITERAL_NULL_CONVERSION = YES;
				CLANG_WARN_OBJC_IMPLICIT_RETAIN_SELF = YES;
				CLANG_WARN_OBJC_LITERAL_CONVERSION = YES;
				CLANG_WARN_OBJC_ROOT_CLASS = YES_ERROR;
				CLANG_WARN_QUOTED_INCLUDE_IN_FRAMEWORK_HEADER = YES;
				CLANG_WARN_RANGE_LOOP_ANALYSIS = YES;
				CLANG_WARN_STRICT_PROTOTYPES = YES;
				CLANG_WARN_SUSPICIOUS_MOVE = YES;
				CLANG_WARN_UNGUARDED_AVAILABILITY = YES_AGGRESSIVE;
				CLANG_WARN_UNREACHABLE_CODE = YES;
				CLANG_WARN__DUPLICATE_METHOD_MATCH = YES;
				COPY_PHASE_STRIP = NO;
				DEBUG_INFORMATION_FORMAT = dwarf;
				ENABLE_STRICT_OBJC_MSGSEND = YES;
				ENABLE_TESTABILITY = YES;
				GCC_C_LANGUAGE_STANDARD = gnu11;
				GCC_DYNAMIC_NO_PIC = NO;
				GCC_NO_COMMON_BLOCKS = YES;
				GCC_OPTIMIZATION_LEVEL = 0;
				GCC_PREPROCESSOR_DEFINITIONS = (
					"DEBUG=1",
					"$(inherited)",
				);
				GCC_WARN_64_TO_32_BIT_CONVERSION = YES;
				GCC_WARN_ABOUT_RETURN_TYPE = YES_ERROR;
				GCC_WARN_UNDECLARED_SELECTOR = YES;
				GCC_WARN_UNINITIALIZED_AUTOS = YES_AGGRESSIVE;
				GCC_WARN_UNUSED_FUNCTION = YES;
				GCC_WARN_UNUSED_VARIABLE = YES;
				IPHONEOS_DEPLOYMENT_TARGET = 14.4;
				MTL_ENABLE_DEBUG_INFO = INCLUDE_SOURCE;
				MTL_FAST_MATH = YES;
				ONLY_ACTIVE_ARCH = YES;
				SDKROOT = iphoneos;
				SWIFT_ACTIVE_COMPILATION_CONDITIONS = DEBUG;
				SWIFT_OPTIMIZATION_LEVEL = "-Onone";
			};
			name = Debug;
		};
		147C729025FF0821001C2E85 /* Release */ = {
			isa = XCBuildConfiguration;
			buildSettings = {
				ALWAYS_SEARCH_USER_PATHS = NO;
				CLANG_ANALYZER_NONNULL = YES;
				CLANG_ANALYZER_NUMBER_OBJECT_CONVERSION = YES_AGGRESSIVE;
				CLANG_CXX_LANGUAGE_STANDARD = "gnu++14";
				CLANG_CXX_LIBRARY = "libc++";
				CLANG_ENABLE_MODULES = YES;
				CLANG_ENABLE_OBJC_ARC = YES;
				CLANG_ENABLE_OBJC_WEAK = YES;
				CLANG_WARN_BLOCK_CAPTURE_AUTORELEASING = YES;
				CLANG_WARN_BOOL_CONVERSION = YES;
				CLANG_WARN_COMMA = YES;
				CLANG_WARN_CONSTANT_CONVERSION = YES;
				CLANG_WARN_DEPRECATED_OBJC_IMPLEMENTATIONS = YES;
				CLANG_WARN_DIRECT_OBJC_ISA_USAGE = YES_ERROR;
				CLANG_WARN_DOCUMENTATION_COMMENTS = YES;
				CLANG_WARN_EMPTY_BODY = YES;
				CLANG_WARN_ENUM_CONVERSION = YES;
				CLANG_WARN_INFINITE_RECURSION = YES;
				CLANG_WARN_INT_CONVERSION = YES;
				CLANG_WARN_NON_LITERAL_NULL_CONVERSION = YES;
				CLANG_WARN_OBJC_IMPLICIT_RETAIN_SELF = YES;
				CLANG_WARN_OBJC_LITERAL_CONVERSION = YES;
				CLANG_WARN_OBJC_ROOT_CLASS = YES_ERROR;
				CLANG_WARN_QUOTED_INCLUDE_IN_FRAMEWORK_HEADER = YES;
				CLANG_WARN_RANGE_LOOP_ANALYSIS = YES;
				CLANG_WARN_STRICT_PROTOTYPES = YES;
				CLANG_WARN_SUSPICIOUS_MOVE = YES;
				CLANG_WARN_UNGUARDED_AVAILABILITY = YES_AGGRESSIVE;
				CLANG_WARN_UNREACHABLE_CODE = YES;
				CLANG_WARN__DUPLICATE_METHOD_MATCH = YES;
				COPY_PHASE_STRIP = NO;
				DEBUG_INFORMATION_FORMAT = "dwarf-with-dsym";
				ENABLE_NS_ASSERTIONS = NO;
				ENABLE_STRICT_OBJC_MSGSEND = YES;
				GCC_C_LANGUAGE_STANDARD = gnu11;
				GCC_NO_COMMON_BLOCKS = YES;
				GCC_WARN_64_TO_32_BIT_CONVERSION = YES;
				GCC_WARN_ABOUT_RETURN_TYPE = YES_ERROR;
				GCC_WARN_UNDECLARED_SELECTOR = YES;
				GCC_WARN_UNINITIALIZED_AUTOS = YES_AGGRESSIVE;
				GCC_WARN_UNUSED_FUNCTION = YES;
				GCC_WARN_UNUSED_VARIABLE = YES;
				IPHONEOS_DEPLOYMENT_TARGET = 14.4;
				MTL_ENABLE_DEBUG_INFO = NO;
				MTL_FAST_MATH = YES;
				SDKROOT = iphoneos;
				SWIFT_COMPILATION_MODE = wholemodule;
				SWIFT_OPTIMIZATION_LEVEL = "-O";
				VALIDATE_PRODUCT = YES;
			};
			name = Release;
		};
		147C729225FF0821001C2E85 /* Debug */ = {
			isa = XCBuildConfiguration;
			buildSettings = {
				ASSETCATALOG_COMPILER_APPICON_NAME = AppIcon;
				ASSETCATALOG_COMPILER_GLOBAL_ACCENT_COLOR_NAME = AccentColor;
				CODE_SIGN_STYLE = Automatic;
				INFOPLIST_FILE = YoutubeAPI/Info.plist;
				LD_RUNPATH_SEARCH_PATHS = (
					"$(inherited)",
					"@executable_path/Frameworks",
				);
				PRODUCT_BUNDLE_IDENTIFIER = com.KareemCompany.YoutubeAPI;
				PRODUCT_NAME = "$(TARGET_NAME)";
				SWIFT_VERSION = 5.0;
				TARGETED_DEVICE_FAMILY = "1,2";
			};
			name = Debug;
		};
		147C729325FF0821001C2E85 /* Release */ = {
			isa = XCBuildConfiguration;
			buildSettings = {
				ASSETCATALOG_COMPILER_APPICON_NAME = AppIcon;
				ASSETCATALOG_COMPILER_GLOBAL_ACCENT_COLOR_NAME = AccentColor;
				CODE_SIGN_STYLE = Automatic;
				INFOPLIST_FILE = YoutubeAPI/Info.plist;
				LD_RUNPATH_SEARCH_PATHS = (
					"$(inherited)",
					"@executable_path/Frameworks",
				);
				PRODUCT_BUNDLE_IDENTIFIER = com.KareemCompany.YoutubeAPI;
				PRODUCT_NAME = "$(TARGET_NAME)";
				SWIFT_VERSION = 5.0;
				TARGETED_DEVICE_FAMILY = "1,2";
			};
			name = Release;
		};
		147C729525FF0821001C2E85 /* Debug */ = {
			isa = XCBuildConfiguration;
			buildSettings = {
				ALWAYS_EMBED_SWIFT_STANDARD_LIBRARIES = YES;
				BUNDLE_LOADER = "$(TEST_HOST)";
				CODE_SIGN_STYLE = Automatic;
				INFOPLIST_FILE = YoutubeAPITests/Info.plist;
				IPHONEOS_DEPLOYMENT_TARGET = 14.4;
				LD_RUNPATH_SEARCH_PATHS = (
					"$(inherited)",
					"@executable_path/Frameworks",
					"@loader_path/Frameworks",
				);
				PRODUCT_BUNDLE_IDENTIFIER = com.KareemCompany.YoutubeAPITests;
				PRODUCT_NAME = "$(TARGET_NAME)";
				SWIFT_VERSION = 5.0;
				TARGETED_DEVICE_FAMILY = "1,2";
				TEST_HOST = "$(BUILT_PRODUCTS_DIR)/YoutubeAPI.app/YoutubeAPI";
			};
			name = Debug;
		};
		147C729625FF0821001C2E85 /* Release */ = {
			isa = XCBuildConfiguration;
			buildSettings = {
				ALWAYS_EMBED_SWIFT_STANDARD_LIBRARIES = YES;
				BUNDLE_LOADER = "$(TEST_HOST)";
				CODE_SIGN_STYLE = Automatic;
				INFOPLIST_FILE = YoutubeAPITests/Info.plist;
				IPHONEOS_DEPLOYMENT_TARGET = 14.4;
				LD_RUNPATH_SEARCH_PATHS = (
					"$(inherited)",
					"@executable_path/Frameworks",
					"@loader_path/Frameworks",
				);
				PRODUCT_BUNDLE_IDENTIFIER = com.KareemCompany.YoutubeAPITests;
				PRODUCT_NAME = "$(TARGET_NAME)";
				SWIFT_VERSION = 5.0;
				TARGETED_DEVICE_FAMILY = "1,2";
				TEST_HOST = "$(BUILT_PRODUCTS_DIR)/YoutubeAPI.app/YoutubeAPI";
			};
			name = Release;
		};
		147C729825FF0821001C2E85 /* Debug */ = {
			isa = XCBuildConfiguration;
			buildSettings = {
				ALWAYS_EMBED_SWIFT_STANDARD_LIBRARIES = YES;
				CODE_SIGN_STYLE = Automatic;
				INFOPLIST_FILE = YoutubeAPIUITests/Info.plist;
				LD_RUNPATH_SEARCH_PATHS = (
					"$(inherited)",
					"@executable_path/Frameworks",
					"@loader_path/Frameworks",
				);
				PRODUCT_BUNDLE_IDENTIFIER = com.KareemCompany.YoutubeAPIUITests;
				PRODUCT_NAME = "$(TARGET_NAME)";
				SWIFT_VERSION = 5.0;
				TARGETED_DEVICE_FAMILY = "1,2";
				TEST_TARGET_NAME = YoutubeAPI;
			};
			name = Debug;
		};
		147C729925FF0821001C2E85 /* Release */ = {
			isa = XCBuildConfiguration;
			buildSettings = {
				ALWAYS_EMBED_SWIFT_STANDARD_LIBRARIES = YES;
				CODE_SIGN_STYLE = Automatic;
				INFOPLIST_FILE = YoutubeAPIUITests/Info.plist;
				LD_RUNPATH_SEARCH_PATHS = (
					"$(inherited)",
					"@executable_path/Frameworks",
					"@loader_path/Frameworks",
				);
				PRODUCT_BUNDLE_IDENTIFIER = com.KareemCompany.YoutubeAPIUITests;
				PRODUCT_NAME = "$(TARGET_NAME)";
				SWIFT_VERSION = 5.0;
				TARGETED_DEVICE_FAMILY = "1,2";
				TEST_TARGET_NAME = YoutubeAPI;
			};
			name = Release;
		};
/* End XCBuildConfiguration section */

/* Begin XCConfigurationList section */
		147C726225FF081D001C2E85 /* Build configuration list for PBXProject "YoutubeAPI" */ = {
			isa = XCConfigurationList;
			buildConfigurations = (
				147C728F25FF0821001C2E85 /* Debug */,
				147C729025FF0821001C2E85 /* Release */,
			);
			defaultConfigurationIsVisible = 0;
			defaultConfigurationName = Release;
		};
		147C729125FF0821001C2E85 /* Build configuration list for PBXNativeTarget "YoutubeAPI" */ = {
			isa = XCConfigurationList;
			buildConfigurations = (
				147C729225FF0821001C2E85 /* Debug */,
				147C729325FF0821001C2E85 /* Release */,
			);
			defaultConfigurationIsVisible = 0;
			defaultConfigurationName = Release;
		};
		147C729425FF0821001C2E85 /* Build configuration list for PBXNativeTarget "YoutubeAPITests" */ = {
			isa = XCConfigurationList;
			buildConfigurations = (
				147C729525FF0821001C2E85 /* Debug */,
				147C729625FF0821001C2E85 /* Release */,
			);
			defaultConfigurationIsVisible = 0;
			defaultConfigurationName = Release;
		};
		147C729725FF0821001C2E85 /* Build configuration list for PBXNativeTarget "YoutubeAPIUITests" */ = {
			isa = XCConfigurationList;
			buildConfigurations = (
				147C729825FF0821001C2E85 /* Debug */,
				147C729925FF0821001C2E85 /* Release */,
			);
			defaultConfigurationIsVisible = 0;
			defaultConfigurationName = Release;
		};
/* End XCConfigurationList section */
	};
	rootObject = 147C725F25FF081D001C2E85 /* Project object */;
}
